{
  "originHash" : "1d14c9a443929e13f6f66a0ce5a2059646f8e600966d87ac885cbd90689d36f1",
  "pins" : [
    {
      "identity" : "ios-maps-sdk",
      "kind" : "remoteSourceControl",
      "location" : "https://github.com/googlemaps/ios-maps-sdk",
      "state" : {
        "revision" : "bd392d7d844b49ec6795871a3c25edd01ab839f2",
        "version" : "8.4.0"
      }
    }
  ],
  "version" : 3
}
